Microsoft Visual Studio Solution File, Format Version 12.00
# Visual Studio Version 17
VisualStudioVersion = 17.5.2.0
MinimumVisualStudioVersion = 10.0.40219.1
Project("{FAE04EC0-301F-11D3-BF4B-00C04F79EFBC}") = "EjemploMVC", "EjemploMVC\EjemploMVC.csproj", "{E336376D-2DC2-6D40-84EA-4E4C594B41F1}"
EndProject
Global
	GlobalSection(SolutionConfigurationPlatforms) = preSolution
		Debug|Any CPU = Debug|Any CPU
		Release|Any CPU = Release|Any CPU
	EndGlobalSection
	GlobalSection(ProjectConfigurationPlatforms) = postSolution
		{E336376D-2DC2-6D40-84EA-4E4C594B41F1}.Debug|Any CPU.ActiveCfg = Debug|Any CPU
		{E336376D-2DC2-6D40-84EA-4E4C594B41F1}.Debug|Any CPU.Build.0 = Debug|Any CPU
		{E336376D-2DC2-6D40-84EA-4E4C594B41F1}.Release|Any CPU.ActiveCfg = Release|Any CPU
		{E336376D-2DC2-6D40-84EA-4E4C594B41F1}.Release|Any CPU.Build.0 = Release|Any CPU
	EndGlobalSection
	GlobalSection(SolutionProperties) = preSolution
		HideSolutionNode = FALSE
	EndGlobalSection
	GlobalSection(ExtensibilityGlobals) = postSolution
		SolutionGuid = {3449CBB3-29E7-4447-911D-D540869FB230}
	EndGlobalSection
EndGlobal
